<?xml version="1.0" encoding="utf-8"?>
<Project ToolsVersion="4.0" xmlns="http://schemas.microsoft.com/developer/msbuild/2003">
  <ItemGroup>
    <Filter Include="Source Files">
      <UniqueIdentifier>{4FC737F1-C7A5-4376-A066-2A32D752A2FF}</UniqueIdentifier>
      <Extensions>cpp;c;cc;cxx;def;odl;idl;hpj;bat;asm;asmx</Extensions>
    </Filter>
    <Filter Include="Header Files">
      <UniqueIdentifier>{93995380-89BD-4b04-88EB-625FBE52EBFB}</UniqueIdentifier>
      <Extensions>h;hh;hpp;hxx;hm;inl;inc;ipp;xsd</Extensions>
    </Filter>
    <Filter Include="Resource Files">
      <UniqueIdentifier>{67DA6AB6-F800-4c08-8B7A-83BB121AAD01}</UniqueIdentifier>
      <Extensions>rc;ico;cur;bmp;dlg;rc2;rct;bin;rgs;gif;jpg;jpeg;jpe;resx;tiff;tif;png;wav;mfcribbon-ms</Extensions>
    </Filter>
  </ItemGroup>
  <ItemGroup>
    <ClCompile Include="Login.cpp">
      <Filter>Source Files</Filter>
    </ClCompile>
    <ClCompile Include="AddMember.cpp">
      <Filter>Source Files</Filter>
    </ClCompile>
    <ClCompile Include="Home.cpp">
      <Filter>Source Files</Filter>
    </ClCompile>
    <ClCompile Include="RemoveMember.cpp">
      <Filter>Source Files</Filter>
    </ClCompile>
    <ClCompile Include="IssueList.cpp">
      <Filter>Source Files</Filter>
    </ClCompile>
    <ClCompile Include="AddBook.cpp">
      <Filter>Source Files</Filter>
    </ClCompile>
    <ClCompile Include="RemoveBook.cpp">
      <Filter>Source Files</Filter>
    </ClCompile>
    <ClCompile Include="DepositBook.cpp">
      <Filter>Source Files</Filter>
    </ClCompile>
    <ClCompile Include="IssueBook.cpp">
      <Filter>Source Files</Filter>
    </ClCompile>
    <ClCompile Include="MemberList.cpp">
      <Filter>Source Files</Filter>
    </ClCompile>
    <ClCompile Include="BookList.cpp">
      <Filter>Source Files</Filter>
    </ClCompile>
  </ItemGroup>
  <ItemGroup>
    <ClInclude Include="Login.h">
      <Filter>Header Files</Filter>
    </ClInclude>
    <ClInclude Include="AddMember.h">
      <Filter>Header Files</Filter>
    </ClInclude>
    <ClInclude Include="Home.h">
      <Filter>Header Files</Filter>
    </ClInclude>
    <ClInclude Include="RemoveMember.h">
      <Filter>Header Files</Filter>
    </ClInclude>
    <ClInclude Include="IssueList.h">
      <Filter>Header Files</Filter>
    </ClInclude>
    <ClInclude Include="AddBook.h">
      <Filter>Header Files</Filter>
    </ClInclude>
    <ClInclude Include="RemoveBook.h">
      <Filter>Header Files</Filter>
    </ClInclude>
    <ClInclude Include="DepositBook.h">
      <Filter>Header Files</Filter>
    </ClInclude>
    <ClInclude Include="IssueBook.h">
      <Filter>Header Files</Filter>
    </ClInclude>
    <ClInclude Include="MemberList.h">
      <Filter>Header Files</Filter>
    </ClInclude>
    <ClInclude Include="BookList.h">
      <Filter>Header Files</Filter>
    </ClInclude>
  </ItemGroup>
  <ItemGroup>
    <EmbeddedResource Include="Login.resx">
      <Filter>Resource Files</Filter>
    </EmbeddedResource>
    <EmbeddedResource Include="AddMember.resx">
      <Filter>Resource Files</Filter>
    </EmbeddedResource>
    <EmbeddedResource Include="Home.resx">
      <Filter>Resource Files</Filter>
    </EmbeddedResource>
    <EmbeddedResource Include="RemoveMember.resx">
      <Filter>Resource Files</Filter>
    </EmbeddedResource>
    <EmbeddedResource Include="AddBook.resx">
      <Filter>Resource Files</Filter>
    </EmbeddedResource>
    <EmbeddedResource Include="RemoveBook.resx">
      <Filter>Resource Files</Filter>
    </EmbeddedResource>
    <EmbeddedResource Include="DepositBook.resx">
      <Filter>Resource Files</Filter>
    </EmbeddedResource>
    <EmbeddedResource Include="IssueBook.resx">
      <Filter>Resource Files</Filter>
    </EmbeddedResource>
    <EmbeddedResource Include="IssueList.resx">
      <Filter>Resource Files</Filter>
    </EmbeddedResource>
    <EmbeddedResource Include="MemberList.resx">
      <Filter>Resource Files</Filter>
    </EmbeddedResource>
  </ItemGroup>
</Project>